
Microsoft Visual Studio Solution File, Format Version 12.00
# Visual Studio 2013
VisualStudioVersion = 12.0.30723.0
MinimumVisualStudioVersion = 10.0.40219.1
Project("{2150E333-8FDC-42A3-9474-1A3956D46DE8}") = ".nuget", ".nuget", "{0306C717-CD62-465F-862B-A3C0C108CC92}"
	ProjectSection(SolutionItems) = preProject
		.nuget\NuGet.Config = .nuget\NuGet.Config
		.nuget\NuGet.exe = .nuget\NuGet.exe
		.nuget\NuGet.targets = .nuget\NuGet.targets
	EndProjectSection
EndProject
Project("{FAE04EC0-301F-11D3-BF4B-00C04F79EFBC}") = "SetupWarehouseAdapter", "SetupWarehouseAdapter\SetupWarehouseAdapter.csproj", "{043A80A9-F929-4BEA-8701-B0DE8EB10EC4}"
EndProject
Project("{FAE04EC0-301F-11D3-BF4B-00C04F79EFBC}") = "WarehouseAdapterTests", "WarehouseAdapterTests\WarehouseAdapterTests.csproj", "{43469244-5DC1-4C29-817A-7CDC3F7E1BA7}"
EndProject
Project("{FAE04EC0-301F-11D3-BF4B-00C04F79EFBC}") = "WarehouseAdapterTFS2013", "WarehouseAdapterTFS2013\WarehouseAdapterTFS2013.csproj", "{BC51797F-57A5-4154-9002-A22CA5A511F2}"
EndProject
Project("{FAE04EC0-301F-11D3-BF4B-00C04F79EFBC}") = "WarehouseAdapterApplication", "WarehouseAdapterApplication\WarehouseAdapterApplication.csproj", "{B54B8119-6A5E-4CC4-8934-893C6946D592}"
EndProject
Project("{FAE04EC0-301F-11D3-BF4B-00C04F79EFBC}") = "WarehouseAdapterTFS2012", "WarehouseAdapterTFS2012\WarehouseAdapterTFS2012.csproj", "{D0164A01-9221-40F3-9A1D-1102954C1154}"
EndProject
Project("{2150E333-8FDC-42A3-9474-1A3956D46DE8}") = "Shared", "Shared", "{F6A6D1A1-4289-470C-A7C4-D0258516ECB3}"
	ProjectSection(SolutionItems) = preProject
		Shared\TFSUsersAdapter.cs = Shared\TFSUsersAdapter.cs
	EndProjectSection
EndProject
Project("{2150E333-8FDC-42A3-9474-1A3956D46DE8}") = "Infra", "Infra", "{6ED986B8-6C99-4EC9-8BC0-EC8B32897FDA}"
	ProjectSection(SolutionItems) = preProject
		Shared\Infra\Log.cs = Shared\Infra\Log.cs
		Shared\Infra\TFSUtils.cs = Shared\Infra\TFSUtils.cs
	EndProjectSection
EndProject
Project("{2150E333-8FDC-42A3-9474-1A3956D46DE8}") = "VersionHelper", "VersionHelper", "{967C753F-41CB-46DA-8FEC-33735D12A239}"
	ProjectSection(SolutionItems) = preProject
		Shared\VersionHelper\IVersionHelper.cs = Shared\VersionHelper\IVersionHelper.cs
		Shared\VersionHelper\TFSUsersAdapterVersion.cs = Shared\VersionHelper\TFSUsersAdapterVersion.cs
	EndProjectSection
EndProject
Global
	GlobalSection(SolutionConfigurationPlatforms) = preSolution
		Debug|Any CPU = Debug|Any CPU
		Release|Any CPU = Release|Any CPU
	EndGlobalSection
	GlobalSection(ProjectConfigurationPlatforms) = postSolution
		{043A80A9-F929-4BEA-8701-B0DE8EB10EC4}.Debug|Any CPU.ActiveCfg = Debug|Any CPU
		{043A80A9-F929-4BEA-8701-B0DE8EB10EC4}.Debug|Any CPU.Build.0 = Debug|Any CPU
		{043A80A9-F929-4BEA-8701-B0DE8EB10EC4}.Release|Any CPU.ActiveCfg = Release|Any CPU
		{043A80A9-F929-4BEA-8701-B0DE8EB10EC4}.Release|Any CPU.Build.0 = Release|Any CPU
		{43469244-5DC1-4C29-817A-7CDC3F7E1BA7}.Debug|Any CPU.ActiveCfg = Debug|Any CPU
		{43469244-5DC1-4C29-817A-7CDC3F7E1BA7}.Debug|Any CPU.Build.0 = Debug|Any CPU
		{43469244-5DC1-4C29-817A-7CDC3F7E1BA7}.Release|Any CPU.ActiveCfg = Release|Any CPU
		{43469244-5DC1-4C29-817A-7CDC3F7E1BA7}.Release|Any CPU.Build.0 = Release|Any CPU
		{BC51797F-57A5-4154-9002-A22CA5A511F2}.Debug|Any CPU.ActiveCfg = Debug|Any CPU
		{BC51797F-57A5-4154-9002-A22CA5A511F2}.Debug|Any CPU.Build.0 = Debug|Any CPU
		{BC51797F-57A5-4154-9002-A22CA5A511F2}.Release|Any CPU.ActiveCfg = Release|Any CPU
		{BC51797F-57A5-4154-9002-A22CA5A511F2}.Release|Any CPU.Build.0 = Release|Any CPU
		{B54B8119-6A5E-4CC4-8934-893C6946D592}.Debug|Any CPU.ActiveCfg = Debug|Any CPU
		{B54B8119-6A5E-4CC4-8934-893C6946D592}.Debug|Any CPU.Build.0 = Debug|Any CPU
		{B54B8119-6A5E-4CC4-8934-893C6946D592}.Release|Any CPU.ActiveCfg = Release|Any CPU
		{B54B8119-6A5E-4CC4-8934-893C6946D592}.Release|Any CPU.Build.0 = Release|Any CPU
		{D0164A01-9221-40F3-9A1D-1102954C1154}.Debug|Any CPU.ActiveCfg = Debug|Any CPU
		{D0164A01-9221-40F3-9A1D-1102954C1154}.Debug|Any CPU.Build.0 = Debug|Any CPU
		{D0164A01-9221-40F3-9A1D-1102954C1154}.Release|Any CPU.ActiveCfg = Release|Any CPU
		{D0164A01-9221-40F3-9A1D-1102954C1154}.Release|Any CPU.Build.0 = Release|Any CPU
	EndGlobalSection
	GlobalSection(SolutionProperties) = preSolution
		HideSolutionNode = FALSE
	EndGlobalSection
	GlobalSection(NestedProjects) = preSolution
		{6ED986B8-6C99-4EC9-8BC0-EC8B32897FDA} = {F6A6D1A1-4289-470C-A7C4-D0258516ECB3}
		{967C753F-41CB-46DA-8FEC-33735D12A239} = {F6A6D1A1-4289-470C-A7C4-D0258516ECB3}
	EndGlobalSection
EndGlobal
